# This file is @generated by PDM.
# It is not intended for manual editing.

[metadata]
groups = ["default", "dev"]
strategy = ["cross_platform", "direct_minimal_versions", "inherit_metadata"]
lock_version = "4.4.1"
content_hash = "sha256:b36398c351420dc4df4576c638c7fb00f72c413066094a4e497afef2551bc297"

[[package]]
name = "backoff"
version = "2.1.0"
requires_python = ">=3.7,<4.0"
summary = "Function decoration for backoff and retry"
groups = ["default"]
files = [
    {file = "backoff-2.1.0-py3-none-any.whl", hash = "sha256:140c1deee9387519df5e9bc08eee85836f53b270769ecec32d8fbaceca12eec6"},
    {file = "backoff-2.1.0.tar.gz", hash = "sha256:7b5a6111f4ff1fc96fa9f017e0d2af0e7ce0f8354354aa7ce341741f1e7482a4"},
]

[[package]]
name = "black"
version = "24.4.0"
requires_python = ">=3.8"
summary = "The uncompromising code formatter."
groups = ["dev"]
dependencies = [
    "click>=8.0.0",
    "mypy-extensions>=0.4.3",
    "packaging>=22.0",
    "pathspec>=0.9.0",
    "platformdirs>=2",
]
files = [
    {file = "black-24.4.0-cp311-cp311-macosx_10_9_x86_64.whl", hash = "sha256:8e5537f456a22cf5cfcb2707803431d2feeb82ab3748ade280d6ccd0b40ed2e8"},
    {file = "black-24.4.0-cp311-cp311-macosx_11_0_arm64.whl", hash = "sha256:64e60a7edd71fd542a10a9643bf369bfd2644de95ec71e86790b063aa02ff745"},
    {file = "black-24.4.0-cp311-cp311-manylinux_2_17_x86_64.manylinux2014_x86_64.whl", hash = "sha256:5cd5b4f76056cecce3e69b0d4c228326d2595f506797f40b9233424e2524c070"},
    {file = "black-24.4.0-cp311-cp311-win_amd64.whl", hash = "sha256:64578cf99b6b46a6301bc28bdb89f9d6f9b592b1c5837818a177c98525dbe397"},
    {file = "black-24.4.0-cp312-cp312-macosx_10_9_x86_64.whl", hash = "sha256:f95cece33329dc4aa3b0e1a771c41075812e46cf3d6e3f1dfe3d91ff09826ed2"},
    {file = "black-24.4.0-cp312-cp312-macosx_11_0_arm64.whl", hash = "sha256:4396ca365a4310beef84d446ca5016f671b10f07abdba3e4e4304218d2c71d33"},
    {file = "black-24.4.0-cp312-cp312-manylinux_2_17_x86_64.manylinux2014_x86_64.whl", hash = "sha256:44d99dfdf37a2a00a6f7a8dcbd19edf361d056ee51093b2445de7ca09adac965"},
    {file = "black-24.4.0-cp312-cp312-win_amd64.whl", hash = "sha256:21f9407063ec71c5580b8ad975653c66508d6a9f57bd008bb8691d273705adcd"},
    {file = "black-24.4.0-py3-none-any.whl", hash = "sha256:74eb9b5420e26b42c00a3ff470dc0cd144b80a766128b1771d07643165e08d0e"},
    {file = "black-24.4.0.tar.gz", hash = "sha256:f07b69fda20578367eaebbd670ff8fc653ab181e1ff95d84497f9fa20e7d0641"},
]

[[package]]
name = "click"
version = "8.0.4"
requires_python = ">=3.6"
summary = "Composable command line interface toolkit"
groups = ["dev"]
dependencies = [
    "colorama; platform_system == \"Windows\"",
]
files = [
    {file = "click-8.0.4-py3-none-any.whl", hash = "sha256:6a7a62563bbfabfda3a38f3023a1db4a35978c0abd76f6c9605ecd6554d6d9b1"},
    {file = "click-8.0.4.tar.gz", hash = "sha256:8458d7b1287c5fb128c90e23381cf99dcde74beaf6c7ff6384ce84d6fe090adb"},
]

[[package]]
name = "colorama"
version = "0.4.6"
requires_python = "!=3.0.*,!=3.1.*,!=3.2.*,!=3.3.*,!=3.4.*,!=3.5.*,!=3.6.*,>=2.7"
summary = "Cross-platform colored terminal text."
groups = ["dev"]
marker = "platform_system == \"Windows\""
files = [
    {file = "colorama-0.4.6-py2.py3-none-any.whl", hash = "sha256:4f1d9991f5acc0ca119f9d443620b77f9d6b33703e51011c16baf57afb285fc6"},
    {file = "colorama-0.4.6.tar.gz", hash = "sha256:08695f5cb7ed6e0531a20572697297273c47b8cae5a63ffc6d6ed5c201be6e44"},
]

[[package]]
name = "langdetect"
version = "1.0.0"
summary = "Language detection library ported from Google's language-detection."
groups = ["dev"]
dependencies = [
    "six",
]
files = [
    {file = "langdetect-1.0.0.zip", hash = "sha256:58ecd571ab003b417895cdedaba2b8de1619ec7330a5c711ec9ac281d5feaa47"},
]

[[package]]
name = "ldap3"
version = "2.8"
summary = "A strictly RFC 4510 conforming LDAP V3 pure Python client library"
groups = ["dev"]
dependencies = [
    "pyasn1>=0.4.6",
]
files = [
    {file = "ldap3-2.8-py2.py3-none-any.whl", hash = "sha256:df27407f4991f25bd669b5bb1bc8cb9ddf44a3e713ff6b3afeb3b3c26502f88f"},
    {file = "ldap3-2.8.tar.gz", hash = "sha256:59d1adcd5ead263387039e2a37d7cd772a2006b1cdb3ecfcbaab5192a601c515"},
]

[[package]]
name = "mypy-extensions"
version = "1.0.0"
requires_python = ">=3.5"
summary = "Type system extensions for programs checked with the mypy type checker."
groups = ["dev"]
files = [
    {file = "mypy_extensions-1.0.0-py3-none-any.whl", hash = "sha256:4392f6c0eb8a5668a69e23d168ffa70f0be9ccfd32b5cc2d26a34ae5b844552d"},
    {file = "mypy_extensions-1.0.0.tar.gz", hash = "sha256:75dbf8955dc00442a438fc4d0666508a9a97b6bd41aa2f0ffe9d2f2725af0782"},
]

[[package]]
name = "packaging"
version = "24.0"
requires_python = ">=3.7"
summary = "Core utilities for Python packages"
groups = ["dev"]
files = [
    {file = "packaging-24.0-py3-none-any.whl", hash = "sha256:2ddfb553fdf02fb784c234c7ba6ccc288296ceabec964ad2eae3777778130bc5"},
    {file = "packaging-24.0.tar.gz", hash = "sha256:eb82c5e3e56209074766e6885bb04b8c38a0c015d0a30036ebe7ece34c9989e9"},
]

[[package]]
name = "pathspec"
version = "0.12.1"
requires_python = ">=3.8"
summary = "Utility library for gitignore style pattern matching of file paths."
groups = ["dev"]
files = [
    {file = "pathspec-0.12.1-py3-none-any.whl", hash = "sha256:a0d503e138a4c123b27490a4f7beda6a01c6f288df0e4a8b79c7eb0dc7b4cc08"},
    {file = "pathspec-0.12.1.tar.gz", hash = "sha256:a482d51503a1ab33b1c67a6c3813a26953dbdc71c31dacaef9a838c4e29f5712"},
]

[[package]]
name = "platformdirs"
version = "4.2.1"
requires_python = ">=3.8"
summary = "A small Python package for determining appropriate platform-specific dirs, e.g. a `user data dir`."
groups = ["dev"]
files = [
    {file = "platformdirs-4.2.1-py3-none-any.whl", hash = "sha256:17d5a1161b3fd67b390023cb2d3b026bbd40abde6fdb052dfbd3a29c3ba22ee1"},
    {file = "platformdirs-4.2.1.tar.gz", hash = "sha256:031cd18d4ec63ec53e82dceaac0417d218a6863f7745dfcc9efe7793b7039bdf"},
]

[[package]]
name = "pyasn1"
version = "0.6.0"
requires_python = ">=3.8"
summary = "Pure-Python implementation of ASN.1 types and DER/BER/CER codecs (X.208)"
groups = ["dev"]
files = [
    {file = "pyasn1-0.6.0-py2.py3-none-any.whl", hash = "sha256:cca4bb0f2df5504f02f6f8a775b6e416ff9b0b3b16f7ee80b5a3153d9b804473"},
    {file = "pyasn1-0.6.0.tar.gz", hash = "sha256:3a35ab2c4b5ef98e17dfdec8ab074046fbda76e281c5a706ccd82328cfc8f64c"},
]

[[package]]
name = "six"
version = "1.16.0"
requires_python = ">=2.7, !=3.0.*, !=3.1.*, !=3.2.*"
summary = "Python 2 and 3 compatibility utilities"
groups = ["dev"]
files = [
    {file = "six-1.16.0-py2.py3-none-any.whl", hash = "sha256:8abb2f1d86890a2dfb989f9a77cfcfd3e47c2a354b01111771326f8aa26e0254"},
    {file = "six-1.16.0.tar.gz", hash = "sha256:1e61c37477a1626458e36f7b1d82aa5c9b094fa4802892072e49de9c60c4c926"},
]
